{
  "originHash" : "4e7410af989b14f5501fc5ae259551d639cc0ef6f822eb05489b097371d8c1e8",
  "pins" : [
    {
      "identity" : "whiteboxcryptography",
      "kind" : "remoteSourceControl",
      "location" : "https://github.com/DrDijkstra/WhiteboxCryptography",
      "state" : {
        "revision" : "b3a7f588ed989b2a2d0cef564282f1d0bad5fab1",
        "version" : "1.0.1"
      }
    }
  ],
  "version" : 3
}
